github.com/akerl/scard v0.0.0-20190212113543-c1bfaace99e2 h1:R53hGHLW+QEufcXGW0wGhMFwvROIWQ/P62ViTfqdYcY=
github.com/akerl/scard v0.0.0-20190212113543-c1bfaace99e2/go.mod h1:syHnqrFQaYep3Cv5oyOD60OtejvfiPBfxZWsZSONWJM=
github.com/akerl/speculate v0.8.0 h1:rHyaJnwr7u+aRYEHhsUrEFJu+S5y6DElQZ7imdYxM2s=
github.com/akerl/speculate v0.8.0/go.mod h1:wyudQ7SvApjMGdJiDMgTwMSv2wpgKcB5QKWdZkaKHsU=
github.com/akerl/speculate v0.9.0 h1:0UqEp2nTZh0Oj1sFkVQtVPNZHhRsV6A/6K+xnpIMuOM=
github.com/akerl/speculate v0.9.0/go.mod h1:fi78nr100CjyXzXBTIzrf0lBoY9Wxr0nVxf93r0PM/U=
github.com/akerl/speculate v0.10.1 h1:AMCFfGE++PgnQJiwpS7WI1BvveakIaYyB1z2dgnOF/w=
github.com/akerl/speculate v0.10.1/go.mod h1:0n5uW2aKHGgSRDrPCCVHk6dSWb79uQRvK64ZvNDD0OI=
github.com/akerl/speculate v0.10.2 h1:bPOosSpGmE1gQ2XsZbtKyhyiaowSUwiYZ1zZ0dBBE+k=
github.com/akerl/speculate v0.10.2/go.mod h1:0n5uW2aKHGgSRDrPCCVHk6dSWb79uQRvK64ZvNDD0OI=
github.com/akerl/timber v0.0.1 h1:p6thUlhnOZEvVeAcK3OoIiRdj5QzOKHnFQyQLVDAhfc=
github.com/akerl/timber v0.0.1/go.mod h1:LFiUpCR4BAfk6HMg6t45XIfmXcNJubA+wnw4uq2MHJg=
github.com/akerl/timber v0.0.2 h1:g+GQ5bHf5uTZf+BxKjBC45awncmReJOejc1kVMqDCqw=
github.com/akerl/timber v0.0.2/go.mod h1:LFiUpCR4BAfk6HMg6t45XIfmXcNJubA+wnw4uq2MHJg=
github.com/akerl/timber v0.0.3 h1:xTqH54vCSLjDlAsHkDL5+sZuO8xPdqsamTUk9ense/w=
github.com/akerl/timber v0.0.3/go.mod h1:LFiUpCR4BAfk6HMg6t45XIfmXcNJubA+wnw4uq2MHJg=
github.com/aws/aws-sdk-go v1.16.22 h1:9wop6aMrfW/bLaW+p/tNMfmeDmvErKXHqakSPqyYrHA=
github.com/aws/aws-sdk-go v1.16.22/go.mod h1:KmX6BPdI08NWTb3/sm4ZGu5ShLoqVDhKgpiN924inxo=
github.com/aws/aws-sdk-go v1.16.26 h1:GWkl3rkRO/JGRTWoLLIqwf7AWC4/W/1hMOUZqmX0js4=
github.com/aws/aws-sdk-go v1.16.26/go.mod h1:KmX6BPdI08NWTb3/sm4ZGu5ShLoqVDhKgpiN924inxo=
github.com/davecgh/go-spew v1.1.0/go.mod h1:J7Y8YcW2NihsgmVo/mv3lAwl/skON4iLHjSsI+c5H38=
github.com/davecgh/go-spew v1.1.1/go.mod h1:J7Y8YcW2NihsgmVo/mv3lAwl/skON4iLHjSsI+c5H38=
github.com/daviddengcn/go-colortext v0.0.0-20180409174941-186a3d44e920 h1:d/cVoZOrJPJHKH1NdeUjyVAWKp4OpOT+Q+6T1sH7jeU=
github.com/daviddengcn/go-colortext v0.0.0-20180409174941-186a3d44e920/go.mod h1:dv4zxwHi5C/8AeI+4gX4dCWOIvNi7I6JCSX0HvlKPgE=
github.com/dixonwille/wmenu v4.0.2+incompatible h1:lxrPJsx9LpdUFD5T+dOfl6gPKLbBmiAtEdACLT1I2/w=
github.com/dixonwille/wmenu v4.0.2+incompatible/go.mod h1:DnajdZEKFQksxBctWekpWaQXQrDUHRBco6b8MyZnR1s=
github.com/ebfe/scard v0.0.0-20180829124254-7c31d2fd1987 h1:KjkkybvhDJ7GCp7AM8pX1EjyaR5PMaaj3JqCFziro9s=
github.com/ebfe/scard v0.0.0-20180829124254-7c31d2fd1987/go.mod h1:8hHvF8DlEq5kE3KWOsZQezdWq1OTOVxZArZMscS954E=
github.com/inconshreveable/mousetrap v1.0.0 h1:Z8tu5sraLXCXIcARxBp/8cbvlwVa7Z1NHg9XEKhtSvM=
github.com/inconshreveable/mousetrap v1.0.0/go.mod h1:PxqpIevigyE2G7u3NXJIT2ANytuPF1OarO4DADm73n8=
github.com/jmespath/go-jmespath v0.0.0-20180206201540-c2b33e8439af h1:pmfjZENx5imkbgOkpRUYLnmbU7UEFbjtDA2hxJ1ichM=
github.com/jmespath/go-jmespath v0.0.0-20180206201540-c2b33e8439af/go.mod h1:Nht3zPeWKUH0NzdCt2Blrr5ys8VGpn0CEB0cQHVjt7k=
github.com/mattn/go-isatty v0.0.4 h1:bnP0vzxcAdeI1zdubAl5PjU6zsERjGZb7raWodagDYs=
github.com/mattn/go-isatty v0.0.4/go.mod h1:M+lRXTBqGeGNdLjl/ufCoiOlB5xdOkqRJdNxMWT7Zi4=
github.com/pkg/errors v0.8.0 h1:WdK/asTD0HN+q6hsWO3/vpuAkAr+tw6aNJNDFFf0+qw=
github.com/pkg/errors v0.8.0/go.mod h1:bwawxfHBFNV+L2hUp1rHADufV3IMtnDRdf1r5NINEl0=
github.com/pkg/errors v0.8.1 h1:iURUrRGxPUNPdy5/HRSm+Yj6okJ6UtLINN0Q9M4+h3I=
github.com/pkg/errors v0.8.1/go.mod h1:bwawxfHBFNV+L2hUp1rHADufV3IMtnDRdf1r5NINEl0=
github.com/pmezard/go-difflib v1.0.0/go.mod h1:iKH77koFhYxTK1pcRnkKkqfTogsbg7gZNVY4sRDYZ/4=
github.com/spf13/cobra v0.0.3 h1:ZlrZ4XsMRm04Fr5pSFxBgfND2EBVa1nLpiy1stUsX/8=
github.com/spf13/cobra v0.0.3/go.mod h1:1l0Ry5zgKvJasoi3XT1TypsSe7PqH0Sj9dhYf7v3XqQ=
github.com/spf13/pflag v1.0.3 h1:zPAT6CGy6wXeQ7NtTnaTerfKOsV6V6F8agHXFiazDkg=
github.com/spf13/pflag v1.0.3/go.mod h1:DYY7MBk1bdzusC3SYhjObp+wFpr4gzcvqqNjLnInEg4=
github.com/stretchr/objx v0.1.0/go.mod h1:HFkY916IF+rwdDfMAkV7OtwuqBVzrE8GR6GFx+wExME=
github.com/stretchr/objx v0.1.1/go.mod h1:HFkY916IF+rwdDfMAkV7OtwuqBVzrE8GR6GFx+wExME=
github.com/stretchr/testify v1.2.2/go.mod h1:a8OnRcib4nhh0OaRAV+Yts87kKdq0PP7pXfy6kDkUVs=
github.com/stretchr/testify v1.3.0/go.mod h1:M5WIy9Dh21IEIfnGCwXGc5bZfKNJtfHm1UVUgZn+9EI=
github.com/yawn/ykoath v1.0.1 h1:buW40ptJqj3ob+hu6EJe4CRM4CG9K6EdBYVgb0mu768=
github.com/yawn/ykoath v1.0.1/go.mod h1:MLAY9NODwv8/Eqr0zdqSrgj5V2UIYBKw28q8Qk8kmR4=
gopkg.in/dixonwille/wlog.v2 v2.0.0 h1:TbGWtD8ahWVSihKKr+z2Dw7Cv/7IrfN6dwrcrre17pU=
gopkg.in/dixonwille/wlog.v2 v2.0.0/go.mod h1:JYQHRnhGPLno/iATOiGkEXoRanJXqdz9Qo6/QwfARUc=
