# This file is autogenerated, do not edit; changes may be undone by the next 'dep ensure'.


[[projects]]
  name = "github.com/akerl/speculate"
  packages = [
    "creds",
    "executors"
  ]
  revision = "6ba9a922b4916528502ee48baa7cf1b86711aaa6"
  version = "0.3.5"

[[projects]]
  name = "github.com/aws/aws-sdk-go"
  packages = [
    "aws",
    "aws/awserr",
    "aws/awsutil",
    "aws/client",
    "aws/client/metadata",
    "aws/corehandlers",
    "aws/credentials",
    "aws/credentials/ec2rolecreds",
    "aws/credentials/endpointcreds",
    "aws/credentials/stscreds",
    "aws/defaults",
    "aws/ec2metadata",
    "aws/endpoints",
    "aws/request",
    "aws/session",
    "aws/signer/v4",
    "internal/sdkio",
    "internal/sdkrand",
    "internal/shareddefaults",
    "private/protocol",
    "private/protocol/query",
    "private/protocol/query/queryutil",
    "private/protocol/rest",
    "private/protocol/xml/xmlutil",
    "service/sts"
  ]
  revision = "f6efafab9ddced9880456bc53096fa79f4596f5e"
  version = "v1.13.27"

[[projects]]
  name = "github.com/daviddengcn/go-colortext"
  packages = ["."]
  revision = "17e75f6184bc9e727756cd0d82e0af58b1fc7191"
  version = "1.0.0"

[[projects]]
  name = "github.com/dixonwille/wmenu"
  packages = ["."]
  revision = "8ae99891e0b971e497e4a591cf53974f0906a949"
  version = "v4.0.2"

[[projects]]
  name = "github.com/go-ini/ini"
  packages = ["."]
  revision = "5e9692864e22d02ac79e2fa499cffb00520b4fea"
  version = "v1.34.0"

[[projects]]
  name = "github.com/inconshreveable/mousetrap"
  packages = ["."]
  revision = "76626ae9c91c4f2a10f34cad8ce83ea42c93bb75"
  version = "v1.0"

[[projects]]
  name = "github.com/jmespath/go-jmespath"
  packages = ["."]
  revision = "0b12d6b5"

[[projects]]
  name = "github.com/mattn/go-isatty"
  packages = ["."]
  revision = "0360b2af4f38e8d38c7fce2a9f4e702702d73a39"
  version = "v0.0.3"

[[projects]]
  name = "github.com/spf13/cobra"
  packages = ["."]
  revision = "a1f051bc3eba734da4772d60e2d677f47cf93ef4"
  version = "v0.0.2"

[[projects]]
  name = "github.com/spf13/pflag"
  packages = ["."]
  revision = "e57e3eeb33f795204c1ca35f56c44f83227c6e66"
  version = "v1.0.0"

[[projects]]
  branch = "master"
  name = "golang.org/x/sys"
  packages = ["unix"]
  revision = "f67933eaf9e2f750f58a234209a11ebc1107be38"

[[projects]]
  name = "gopkg.in/dixonwille/wlog.v2"
  packages = ["."]
  revision = "76a8811f69dff5d130c6b5f0342451b0beb52f37"
  version = "v2.0.0"

[solve-meta]
  analyzer-name = "dep"
  analyzer-version = 1
  inputs-digest = "434985a4b49b208ee44708b03f8fa6e269efd6fca12d470deb4ceccfdb0c5e02"
  solver-name = "gps-cdcl"
  solver-version = 1
